
Microsoft Visual Studio Solution File, Format Version 12.00
# Visual Studio Version 17
VisualStudioVersion = 17.3.32901.215
MinimumVisualStudioVersion = 10.0.40219.1
Project("{FAE04EC0-301F-11D3-BF4B-00C04F79EFBC}") = "evaluation_8", "evaluation_8.csproj", "{4100E090-570A-45DF-B96A-63717084684A}"
EndProject
Global
	GlobalSection(SolutionConfigurationPlatforms) = preSolution
		Debug|Any CPU = Debug|Any CPU
		Release|Any CPU = Release|Any CPU
	EndGlobalSection
	GlobalSection(ProjectConfigurationPlatforms) = postSolution
		{4100E090-570A-45DF-B96A-63717084684A}.Debug|Any CPU.ActiveCfg = Debug|Any CPU
		{4100E090-570A-45DF-B96A-63717084684A}.Debug|Any CPU.Build.0 = Debug|Any CPU
		{4100E090-570A-45DF-B96A-63717084684A}.Release|Any CPU.ActiveCfg = Release|Any CPU
		{4100E090-570A-45DF-B96A-63717084684A}.Release|Any CPU.Build.0 = Release|Any CPU
	EndGlobalSection
	GlobalSection(SolutionProperties) = preSolution
		HideSolutionNode = FALSE
	EndGlobalSection
	GlobalSection(ExtensibilityGlobals) = postSolution
		SolutionGuid = {60EBC485-4208-4E3C-85DF-59A4B3600CFB}
	EndGlobalSection
EndGlobal
